
Microsoft Visual Studio Solution File, Format Version 12.00
# Visual Studio Version 16
VisualStudioVersion = 16.0.30114.105
MinimumVisualStudioVersion = 10.0.40219.1
Project("{FAE04EC0-301F-11D3-BF4B-00C04F79EFBC}") = "AdamJob", "AdamJob\AdamJob.csproj", "{22C2EE17-3D08-4D96-8391-A352FA8EC8C9}"
EndProject
Project("{FAE04EC0-301F-11D3-BF4B-00C04F79EFBC}") = "FtpDownload", "FtpDownload\FtpDownload.csproj", "{E2FF4990-30AA-4010-8BD9-A582A436B685}"
EndProject
Project("{FAE04EC0-301F-11D3-BF4B-00C04F79EFBC}") = "CsharpStudy", "CsharpStudy\CsharpStudy.csproj", "{A0DDF835-0DC1-4084-B502-DD6F20FDCE3C}"
EndProject
Project("{FAE04EC0-301F-11D3-BF4B-00C04F79EFBC}") = "DotnetCore", "DotnetCore\DotnetCore.csproj", "{C1BBB6BB-4657-4389-85BA-FEDCD5C67DCC}"
EndProject
Project("{FAE04EC0-301F-11D3-BF4B-00C04F79EFBC}") = "AdamJobSSAPI", "AdamJobSSAPI\AdamJobSSAPI.csproj", "{261C094E-CBD6-4E35-A740-BA9A3FFDAD35}"
EndProject
Project("{FAE04EC0-301F-11D3-BF4B-00C04F79EFBC}") = "ViewTest", "ViewTest\ViewTest.csproj", "{52414FBF-5267-4B4E-8F12-F2326E3F8C66}"
EndProject
Project("{FAE04EC0-301F-11D3-BF4B-00C04F79EFBC}") = "CouchBaseLite", "CouchBaseLite\CouchBaseLite.csproj", "{1895742C-B943-4313-95CC-FBA5E75A1905}"
EndProject
Project("{FAE04EC0-301F-11D3-BF4B-00C04F79EFBC}") = "CouchbaseTest", "CouchbaseTest\CouchbaseTest.csproj", "{8776B049-E9B7-47D1-904E-2BAAEEB3C562}"
EndProject
Global
	GlobalSection(SolutionConfigurationPlatforms) = preSolution
		Debug|Any CPU = Debug|Any CPU
		Debug|x64 = Debug|x64
		Debug|x86 = Debug|x86
		Release|Any CPU = Release|Any CPU
		Release|x64 = Release|x64
		Release|x86 = Release|x86
	EndGlobalSection
	GlobalSection(SolutionProperties) = preSolution
		HideSolutionNode = FALSE
	EndGlobalSection
	GlobalSection(ProjectConfigurationPlatforms) = postSolution
		{22C2EE17-3D08-4D96-8391-A352FA8EC8C9}.Debug|Any CPU.ActiveCfg = Debug|Any CPU
		{22C2EE17-3D08-4D96-8391-A352FA8EC8C9}.Debug|Any CPU.Build.0 = Debug|Any CPU
		{22C2EE17-3D08-4D96-8391-A352FA8EC8C9}.Debug|x64.ActiveCfg = Debug|Any CPU
		{22C2EE17-3D08-4D96-8391-A352FA8EC8C9}.Debug|x64.Build.0 = Debug|Any CPU
		{22C2EE17-3D08-4D96-8391-A352FA8EC8C9}.Debug|x86.ActiveCfg = Debug|Any CPU
		{22C2EE17-3D08-4D96-8391-A352FA8EC8C9}.Debug|x86.Build.0 = Debug|Any CPU
		{22C2EE17-3D08-4D96-8391-A352FA8EC8C9}.Release|Any CPU.ActiveCfg = Release|Any CPU
		{22C2EE17-3D08-4D96-8391-A352FA8EC8C9}.Release|Any CPU.Build.0 = Release|Any CPU
		{22C2EE17-3D08-4D96-8391-A352FA8EC8C9}.Release|x64.ActiveCfg = Release|Any CPU
		{22C2EE17-3D08-4D96-8391-A352FA8EC8C9}.Release|x64.Build.0 = Release|Any CPU
		{22C2EE17-3D08-4D96-8391-A352FA8EC8C9}.Release|x86.ActiveCfg = Release|Any CPU
		{22C2EE17-3D08-4D96-8391-A352FA8EC8C9}.Release|x86.Build.0 = Release|Any CPU
		{E2FF4990-30AA-4010-8BD9-A582A436B685}.Debug|Any CPU.ActiveCfg = Debug|Any CPU
		{E2FF4990-30AA-4010-8BD9-A582A436B685}.Debug|Any CPU.Build.0 = Debug|Any CPU
		{E2FF4990-30AA-4010-8BD9-A582A436B685}.Debug|x64.ActiveCfg = Debug|Any CPU
		{E2FF4990-30AA-4010-8BD9-A582A436B685}.Debug|x64.Build.0 = Debug|Any CPU
		{E2FF4990-30AA-4010-8BD9-A582A436B685}.Debug|x86.ActiveCfg = Debug|Any CPU
		{E2FF4990-30AA-4010-8BD9-A582A436B685}.Debug|x86.Build.0 = Debug|Any CPU
		{E2FF4990-30AA-4010-8BD9-A582A436B685}.Release|Any CPU.ActiveCfg = Release|Any CPU
		{E2FF4990-30AA-4010-8BD9-A582A436B685}.Release|Any CPU.Build.0 = Release|Any CPU
		{E2FF4990-30AA-4010-8BD9-A582A436B685}.Release|x64.ActiveCfg = Release|Any CPU
		{E2FF4990-30AA-4010-8BD9-A582A436B685}.Release|x64.Build.0 = Release|Any CPU
		{E2FF4990-30AA-4010-8BD9-A582A436B685}.Release|x86.ActiveCfg = Release|Any CPU
		{E2FF4990-30AA-4010-8BD9-A582A436B685}.Release|x86.Build.0 = Release|Any CPU
		{A0DDF835-0DC1-4084-B502-DD6F20FDCE3C}.Debug|Any CPU.ActiveCfg = Debug|Any CPU
		{A0DDF835-0DC1-4084-B502-DD6F20FDCE3C}.Debug|Any CPU.Build.0 = Debug|Any CPU
		{A0DDF835-0DC1-4084-B502-DD6F20FDCE3C}.Debug|x64.ActiveCfg = Debug|Any CPU
		{A0DDF835-0DC1-4084-B502-DD6F20FDCE3C}.Debug|x64.Build.0 = Debug|Any CPU
		{A0DDF835-0DC1-4084-B502-DD6F20FDCE3C}.Debug|x86.ActiveCfg = Debug|Any CPU
		{A0DDF835-0DC1-4084-B502-DD6F20FDCE3C}.Debug|x86.Build.0 = Debug|Any CPU
		{A0DDF835-0DC1-4084-B502-DD6F20FDCE3C}.Release|Any CPU.ActiveCfg = Release|Any CPU
		{A0DDF835-0DC1-4084-B502-DD6F20FDCE3C}.Release|Any CPU.Build.0 = Release|Any CPU
		{A0DDF835-0DC1-4084-B502-DD6F20FDCE3C}.Release|x64.ActiveCfg = Release|Any CPU
		{A0DDF835-0DC1-4084-B502-DD6F20FDCE3C}.Release|x64.Build.0 = Release|Any CPU
		{A0DDF835-0DC1-4084-B502-DD6F20FDCE3C}.Release|x86.ActiveCfg = Release|Any CPU
		{A0DDF835-0DC1-4084-B502-DD6F20FDCE3C}.Release|x86.Build.0 = Release|Any CPU
		{C1BBB6BB-4657-4389-85BA-FEDCD5C67DCC}.Debug|Any CPU.ActiveCfg = Debug|Any CPU
		{C1BBB6BB-4657-4389-85BA-FEDCD5C67DCC}.Debug|Any CPU.Build.0 = Debug|Any CPU
		{C1BBB6BB-4657-4389-85BA-FEDCD5C67DCC}.Debug|x64.ActiveCfg = Debug|Any CPU
		{C1BBB6BB-4657-4389-85BA-FEDCD5C67DCC}.Debug|x64.Build.0 = Debug|Any CPU
		{C1BBB6BB-4657-4389-85BA-FEDCD5C67DCC}.Debug|x86.ActiveCfg = Debug|Any CPU
		{C1BBB6BB-4657-4389-85BA-FEDCD5C67DCC}.Debug|x86.Build.0 = Debug|Any CPU
		{C1BBB6BB-4657-4389-85BA-FEDCD5C67DCC}.Release|Any CPU.ActiveCfg = Release|Any CPU
		{C1BBB6BB-4657-4389-85BA-FEDCD5C67DCC}.Release|Any CPU.Build.0 = Release|Any CPU
		{C1BBB6BB-4657-4389-85BA-FEDCD5C67DCC}.Release|x64.ActiveCfg = Release|Any CPU
		{C1BBB6BB-4657-4389-85BA-FEDCD5C67DCC}.Release|x64.Build.0 = Release|Any CPU
		{C1BBB6BB-4657-4389-85BA-FEDCD5C67DCC}.Release|x86.ActiveCfg = Release|Any CPU
		{C1BBB6BB-4657-4389-85BA-FEDCD5C67DCC}.Release|x86.Build.0 = Release|Any CPU
		{261C094E-CBD6-4E35-A740-BA9A3FFDAD35}.Debug|Any CPU.ActiveCfg = Debug|Any CPU
		{261C094E-CBD6-4E35-A740-BA9A3FFDAD35}.Debug|Any CPU.Build.0 = Debug|Any CPU
		{261C094E-CBD6-4E35-A740-BA9A3FFDAD35}.Debug|x64.ActiveCfg = Debug|Any CPU
		{261C094E-CBD6-4E35-A740-BA9A3FFDAD35}.Debug|x64.Build.0 = Debug|Any CPU
		{261C094E-CBD6-4E35-A740-BA9A3FFDAD35}.Debug|x86.ActiveCfg = Debug|Any CPU
		{261C094E-CBD6-4E35-A740-BA9A3FFDAD35}.Debug|x86.Build.0 = Debug|Any CPU
		{261C094E-CBD6-4E35-A740-BA9A3FFDAD35}.Release|Any CPU.ActiveCfg = Release|Any CPU
		{261C094E-CBD6-4E35-A740-BA9A3FFDAD35}.Release|Any CPU.Build.0 = Release|Any CPU
		{261C094E-CBD6-4E35-A740-BA9A3FFDAD35}.Release|x64.ActiveCfg = Release|Any CPU
		{261C094E-CBD6-4E35-A740-BA9A3FFDAD35}.Release|x64.Build.0 = Release|Any CPU
		{261C094E-CBD6-4E35-A740-BA9A3FFDAD35}.Release|x86.ActiveCfg = Release|Any CPU
		{261C094E-CBD6-4E35-A740-BA9A3FFDAD35}.Release|x86.Build.0 = Release|Any CPU
		{52414FBF-5267-4B4E-8F12-F2326E3F8C66}.Debug|Any CPU.ActiveCfg = Debug|Any CPU
		{52414FBF-5267-4B4E-8F12-F2326E3F8C66}.Debug|Any CPU.Build.0 = Debug|Any CPU
		{52414FBF-5267-4B4E-8F12-F2326E3F8C66}.Debug|x64.ActiveCfg = Debug|Any CPU
		{52414FBF-5267-4B4E-8F12-F2326E3F8C66}.Debug|x64.Build.0 = Debug|Any CPU
		{52414FBF-5267-4B4E-8F12-F2326E3F8C66}.Debug|x86.ActiveCfg = Debug|Any CPU
		{52414FBF-5267-4B4E-8F12-F2326E3F8C66}.Debug|x86.Build.0 = Debug|Any CPU
		{52414FBF-5267-4B4E-8F12-F2326E3F8C66}.Release|Any CPU.ActiveCfg = Release|Any CPU
		{52414FBF-5267-4B4E-8F12-F2326E3F8C66}.Release|Any CPU.Build.0 = Release|Any CPU
		{52414FBF-5267-4B4E-8F12-F2326E3F8C66}.Release|x64.ActiveCfg = Release|Any CPU
		{52414FBF-5267-4B4E-8F12-F2326E3F8C66}.Release|x64.Build.0 = Release|Any CPU
		{52414FBF-5267-4B4E-8F12-F2326E3F8C66}.Release|x86.ActiveCfg = Release|Any CPU
		{52414FBF-5267-4B4E-8F12-F2326E3F8C66}.Release|x86.Build.0 = Release|Any CPU
		{1895742C-B943-4313-95CC-FBA5E75A1905}.Debug|Any CPU.ActiveCfg = Debug|Any CPU
		{1895742C-B943-4313-95CC-FBA5E75A1905}.Debug|Any CPU.Build.0 = Debug|Any CPU
		{1895742C-B943-4313-95CC-FBA5E75A1905}.Debug|x64.ActiveCfg = Debug|Any CPU
		{1895742C-B943-4313-95CC-FBA5E75A1905}.Debug|x64.Build.0 = Debug|Any CPU
		{1895742C-B943-4313-95CC-FBA5E75A1905}.Debug|x86.ActiveCfg = Debug|Any CPU
		{1895742C-B943-4313-95CC-FBA5E75A1905}.Debug|x86.Build.0 = Debug|Any CPU
		{1895742C-B943-4313-95CC-FBA5E75A1905}.Release|Any CPU.ActiveCfg = Release|Any CPU
		{1895742C-B943-4313-95CC-FBA5E75A1905}.Release|Any CPU.Build.0 = Release|Any CPU
		{1895742C-B943-4313-95CC-FBA5E75A1905}.Release|x64.ActiveCfg = Release|Any CPU
		{1895742C-B943-4313-95CC-FBA5E75A1905}.Release|x64.Build.0 = Release|Any CPU
		{1895742C-B943-4313-95CC-FBA5E75A1905}.Release|x86.ActiveCfg = Release|Any CPU
		{1895742C-B943-4313-95CC-FBA5E75A1905}.Release|x86.Build.0 = Release|Any CPU
		{8776B049-E9B7-47D1-904E-2BAAEEB3C562}.Debug|Any CPU.ActiveCfg = Debug|Any CPU
		{8776B049-E9B7-47D1-904E-2BAAEEB3C562}.Debug|Any CPU.Build.0 = Debug|Any CPU
		{8776B049-E9B7-47D1-904E-2BAAEEB3C562}.Debug|x64.ActiveCfg = Debug|Any CPU
		{8776B049-E9B7-47D1-904E-2BAAEEB3C562}.Debug|x64.Build.0 = Debug|Any CPU
		{8776B049-E9B7-47D1-904E-2BAAEEB3C562}.Debug|x86.ActiveCfg = Debug|Any CPU
		{8776B049-E9B7-47D1-904E-2BAAEEB3C562}.Debug|x86.Build.0 = Debug|Any CPU
		{8776B049-E9B7-47D1-904E-2BAAEEB3C562}.Release|Any CPU.ActiveCfg = Release|Any CPU
		{8776B049-E9B7-47D1-904E-2BAAEEB3C562}.Release|Any CPU.Build.0 = Release|Any CPU
		{8776B049-E9B7-47D1-904E-2BAAEEB3C562}.Release|x64.ActiveCfg = Release|Any CPU
		{8776B049-E9B7-47D1-904E-2BAAEEB3C562}.Release|x64.Build.0 = Release|Any CPU
		{8776B049-E9B7-47D1-904E-2BAAEEB3C562}.Release|x86.ActiveCfg = Release|Any CPU
		{8776B049-E9B7-47D1-904E-2BAAEEB3C562}.Release|x86.Build.0 = Release|Any CPU
	EndGlobalSection
EndGlobal
