
Microsoft Visual Studio Solution File, Format Version 12.00
# Visual Studio Version 16
VisualStudioVersion = 16.0.30907.101
MinimumVisualStudioVersion = 10.0.40219.1
Project("{FAE04EC0-301F-11D3-BF4B-00C04F79EFBC}") = "Gomoku", "Gomoku\Gomoku.csproj", "{ECF03F5B-D8FA-4E76-9AC0-A32670A44387}"
EndProject
Global
	GlobalSection(SolutionConfigurationPlatforms) = preSolution
		Debug|Any CPU = Debug|Any CPU
		Release|Any CPU = Release|Any CPU
	EndGlobalSection
	GlobalSection(ProjectConfigurationPlatforms) = postSolution
		{ECF03F5B-D8FA-4E76-9AC0-A32670A44387}.Debug|Any CPU.ActiveCfg = Debug|Any CPU
		{ECF03F5B-D8FA-4E76-9AC0-A32670A44387}.Debug|Any CPU.Build.0 = Debug|Any CPU
		{ECF03F5B-D8FA-4E76-9AC0-A32670A44387}.Release|Any CPU.ActiveCfg = Release|Any CPU
		{ECF03F5B-D8FA-4E76-9AC0-A32670A44387}.Release|Any CPU.Build.0 = Release|Any CPU
	EndGlobalSection
	GlobalSection(SolutionProperties) = preSolution
		HideSolutionNode = FALSE
	EndGlobalSection
	GlobalSection(ExtensibilityGlobals) = postSolution
		SolutionGuid = {586AF5DD-2F5A-415D-A770-122C1328FCCC}
	EndGlobalSection
EndGlobal
