
Microsoft Visual Studio Solution File, Format Version 12.00
# Visual Studio Version 17
VisualStudioVersion = 17.5.002.0
MinimumVisualStudioVersion = 10.0.40219.1
Project("{9A19103F-16F7-4668-BE54-9A1E7A4F7556}") = "grpc-chat-client", "grpc-chat-client\grpc-chat-client.csproj", "{EC2C150F-1E66-4965-89A1-C9497D57A5AF}"
EndProject
Project("{9A19103F-16F7-4668-BE54-9A1E7A4F7556}") = "grpc-chat-svc", "grpc-chat-svc\grpc-chat-svc.csproj", "{3C216567-7194-4FE5-A2F5-F8105667A499}"
EndProject
Project("{9A19103F-16F7-4668-BE54-9A1E7A4F7556}") = "GrpcClient", "GrpcClient\GrpcClient.csproj", "{1FE57915-B7F9-4BD9-A8E0-665B9D458F00}"
EndProject
Project("{9A19103F-16F7-4668-BE54-9A1E7A4F7556}") = "GrpcTest", "GrpcTest\GrpcTest.csproj", "{B5ECAF71-E180-49C4-8F0A-05FE278A2339}"
EndProject
Global
	GlobalSection(SolutionConfigurationPlatforms) = preSolution
		Debug|Any CPU = Debug|Any CPU
		Release|Any CPU = Release|Any CPU
	EndGlobalSection
	GlobalSection(ProjectConfigurationPlatforms) = postSolution
		{EC2C150F-1E66-4965-89A1-C9497D57A5AF}.Debug|Any CPU.ActiveCfg = Debug|Any CPU
		{EC2C150F-1E66-4965-89A1-C9497D57A5AF}.Debug|Any CPU.Build.0 = Debug|Any CPU
		{EC2C150F-1E66-4965-89A1-C9497D57A5AF}.Release|Any CPU.ActiveCfg = Release|Any CPU
		{EC2C150F-1E66-4965-89A1-C9497D57A5AF}.Release|Any CPU.Build.0 = Release|Any CPU
		{3C216567-7194-4FE5-A2F5-F8105667A499}.Debug|Any CPU.ActiveCfg = Debug|Any CPU
		{3C216567-7194-4FE5-A2F5-F8105667A499}.Debug|Any CPU.Build.0 = Debug|Any CPU
		{3C216567-7194-4FE5-A2F5-F8105667A499}.Release|Any CPU.ActiveCfg = Release|Any CPU
		{3C216567-7194-4FE5-A2F5-F8105667A499}.Release|Any CPU.Build.0 = Release|Any CPU
		{1FE57915-B7F9-4BD9-A8E0-665B9D458F00}.Debug|Any CPU.ActiveCfg = Debug|Any CPU
		{1FE57915-B7F9-4BD9-A8E0-665B9D458F00}.Debug|Any CPU.Build.0 = Debug|Any CPU
		{1FE57915-B7F9-4BD9-A8E0-665B9D458F00}.Release|Any CPU.ActiveCfg = Release|Any CPU
		{1FE57915-B7F9-4BD9-A8E0-665B9D458F00}.Release|Any CPU.Build.0 = Release|Any CPU
		{B5ECAF71-E180-49C4-8F0A-05FE278A2339}.Debug|Any CPU.ActiveCfg = Debug|Any CPU
		{B5ECAF71-E180-49C4-8F0A-05FE278A2339}.Debug|Any CPU.Build.0 = Debug|Any CPU
		{B5ECAF71-E180-49C4-8F0A-05FE278A2339}.Release|Any CPU.ActiveCfg = Release|Any CPU
		{B5ECAF71-E180-49C4-8F0A-05FE278A2339}.Release|Any CPU.Build.0 = Release|Any CPU
	EndGlobalSection
	GlobalSection(SolutionProperties) = preSolution
		HideSolutionNode = FALSE
	EndGlobalSection
	GlobalSection(ExtensibilityGlobals) = postSolution
		SolutionGuid = {A9A56EB2-336A-452D-B03B-3C3AB152B67C}
	EndGlobalSection
EndGlobal
