
Microsoft Visual Studio Solution File, Format Version 12.00
# Visual Studio Version 17
VisualStudioVersion = 17.5.002.0
MinimumVisualStudioVersion = 10.0.40219.1
Project("{9A19103F-16F7-4668-BE54-9A1E7A4F7556}") = "CsharpStudy", "CsharpStudy.csproj", "{F23CD2D3-7217-4F32-AA2D-2F1FAE438F71}"
EndProject
Project("{2150E333-8FDC-42A3-9474-1A3956D46DE8}") = "bin", "bin", "{87D31CCE-381F-420A-BF70-FF5244F8A84F}"
EndProject
Project("{2150E333-8FDC-42A3-9474-1A3956D46DE8}") = "Release", "Release", "{A721055F-3A5C-4705-880A-DC3A3966C325}"
EndProject
Project("{2150E333-8FDC-42A3-9474-1A3956D46DE8}") = "net6.0", "net6.0", "{5EAF2992-291B-4EC2-A897-CC4B8B62B516}"
EndProject
Project("{9A19103F-16F7-4668-BE54-9A1E7A4F7556}") = "BenchmarkDotNet.Autogenerated", "bin\Release\net6.0\acd0eb69-892c-4b47-be92-94b51dcefad3\BenchmarkDotNet.Autogenerated.csproj", "{6194873B-BD12-4D00-A412-613445984A7C}"
EndProject
Global
	GlobalSection(SolutionConfigurationPlatforms) = preSolution
		Debug|Any CPU = Debug|Any CPU
		Release|Any CPU = Release|Any CPU
	EndGlobalSection
	GlobalSection(ProjectConfigurationPlatforms) = postSolution
		{F23CD2D3-7217-4F32-AA2D-2F1FAE438F71}.Debug|Any CPU.ActiveCfg = Debug|Any CPU
		{F23CD2D3-7217-4F32-AA2D-2F1FAE438F71}.Debug|Any CPU.Build.0 = Debug|Any CPU
		{F23CD2D3-7217-4F32-AA2D-2F1FAE438F71}.Release|Any CPU.ActiveCfg = Release|Any CPU
		{F23CD2D3-7217-4F32-AA2D-2F1FAE438F71}.Release|Any CPU.Build.0 = Release|Any CPU
		{6194873B-BD12-4D00-A412-613445984A7C}.Debug|Any CPU.ActiveCfg = Debug|Any CPU
		{6194873B-BD12-4D00-A412-613445984A7C}.Debug|Any CPU.Build.0 = Debug|Any CPU
		{6194873B-BD12-4D00-A412-613445984A7C}.Release|Any CPU.ActiveCfg = Release|Any CPU
		{6194873B-BD12-4D00-A412-613445984A7C}.Release|Any CPU.Build.0 = Release|Any CPU
	EndGlobalSection
	GlobalSection(SolutionProperties) = preSolution
		HideSolutionNode = FALSE
	EndGlobalSection
	GlobalSection(NestedProjects) = preSolution
		{A721055F-3A5C-4705-880A-DC3A3966C325} = {87D31CCE-381F-420A-BF70-FF5244F8A84F}
		{5EAF2992-291B-4EC2-A897-CC4B8B62B516} = {A721055F-3A5C-4705-880A-DC3A3966C325}
		{6194873B-BD12-4D00-A412-613445984A7C} = {5EAF2992-291B-4EC2-A897-CC4B8B62B516}
	EndGlobalSection
	GlobalSection(ExtensibilityGlobals) = postSolution
		SolutionGuid = {C1001FD3-663E-47A9-A9BE-7AF69FFD6EA2}
	EndGlobalSection
EndGlobal
